
Microsoft Visual Studio Solution File, Format Version 12.00
# Visual Studio Version 16
VisualStudioVersion = 16.0.32510.428
MinimumVisualStudioVersion = 10.0.40219.1
Project("{FAE04EC0-301F-11D3-BF4B-00C04F79EFBC}") = "Atos", "Atos\Atos.csproj", "{B1BB18FC-9934-4DA6-B536-3F2F2AF50515}"
EndProject
Global
	GlobalSection(SolutionConfigurationPlatforms) = preSolution
		Debug|Any CPU = Debug|Any CPU
		Release|Any CPU = Release|Any CPU
	EndGlobalSection
	GlobalSection(ProjectConfigurationPlatforms) = postSolution
		{B1BB18FC-9934-4DA6-B536-3F2F2AF50515}.Debug|Any CPU.ActiveCfg = Debug|Any CPU
		{B1BB18FC-9934-4DA6-B536-3F2F2AF50515}.Debug|Any CPU.Build.0 = Debug|Any CPU
		{B1BB18FC-9934-4DA6-B536-3F2F2AF50515}.Release|Any CPU.ActiveCfg = Release|Any CPU
		{B1BB18FC-9934-4DA6-B536-3F2F2AF50515}.Release|Any CPU.Build.0 = Release|Any CPU
	EndGlobalSection
	GlobalSection(SolutionProperties) = preSolution
		HideSolutionNode = FALSE
	EndGlobalSection
	GlobalSection(ExtensibilityGlobals) = postSolution
		SolutionGuid = {884AB51E-E66D-43C1-A8F8-81BA4C7D45C6}
	EndGlobalSection
EndGlobal
